GEM
  remote: https://rubygems.org/
  specs:
    base64 (0.3.0)
    connection_pool (3.0.2)
    discordrb (3.7.1)
      base64 (~> 0.2)
      discordrb-webhooks (~> 3.7.1)
      ffi (>= 1.9.24)
      opus-ruby
      rest-client (>= 2.0.0)
      websocket-client-simple (>= 0.9.0)
    discordrb-webhooks (3.7.1)
      rest-client (>= 2.0.0)
    domain_name (0.6.20240107)
    dotenv (3.2.0)
    event_emitter (0.2.6)
    ffi (1.17.2)
    ffi (1.17.2-aarch64-linux-gnu)
    ffi (1.17.2-aarch64-linux-musl)
    ffi (1.17.2-arm-linux-gnu)
    ffi (1.17.2-arm-linux-musl)
    ffi (1.17.2-arm64-darwin)
    ffi (1.17.2-x64-mingw-ucrt)
    ffi (1.17.2-x86-linux-gnu)
    ffi (1.17.2-x86-linux-musl)
    ffi (1.17.2-x86_64-darwin)
    ffi (1.17.2-x86_64-linux-gnu)
    ffi (1.17.2-x86_64-linux-musl)
    http-accept (1.7.0)
    http-cookie (1.1.0)
      domain_name (~> 0.5)
    logger (1.7.0)
    mime-types (3.7.0)
      logger
      mime-types-data (~> 3.2025, >= 3.2025.0507)
    mime-types-data (3.2025.0924)
    mustermann (3.0.4)
      ruby2_keywords (~> 0.0.1)
    mutex_m (0.3.0)
    netrc (0.11.0)
    nio4r (2.7.5)
    opus-ruby (1.0.1)
      ffi
    puma (7.1.0)
      nio4r (~> 2.0)
    rack (3.2.4)
    rack-protection (4.2.1)
      base64 (>= 0.1.0)
      logger (>= 1.6.0)
      rack (>= 3.0.0, < 4)
    rack-session (2.1.1)
      base64 (>= 0.1.0)
      rack (>= 3.0.0)
    rackup (2.3.1)
      rack (>= 3)
    redis (5.4.1)
      redis-client (>= 0.22.0)
    redis-client (0.26.3)
      connection_pool
    rest-client (2.1.0)
      http-accept (>= 1.7.0, < 2.0)
      http-cookie (>= 1.0.2, < 2.0)
      mime-types (>= 1.16, < 4.0)
      netrc (~> 0.8)
    ruby2_keywords (0.0.5)
    sinatra (4.2.1)
      logger (>= 1.6.0)
      mustermann (~> 3.0)
      rack (>= 3.0.0, < 4)
      rack-protection (= 4.2.1)
      rack-session (>= 2.0.0, < 3)
      tilt (~> 2.0)
    tilt (2.6.1)
    websocket (1.2.11)
    websocket-client-simple (0.9.0)
      base64
      event_emitter
      mutex_m
      websocket

PLATFORMS
  aarch64-linux-gnu
  aarch64-linux-musl
  arm-linux-gnu
  arm-linux-musl
  arm64-darwin
  ruby
  x64-mingw-ucrt
  x86-linux-gnu
  x86-linux-musl
  x86_64-darwin
  x86_64-linux-gnu
  x86_64-linux-musl

DEPENDENCIES
  discordrb
  dotenv
  puma
  rackup
  redis
  sinatra

BUNDLED WITH
   2.7.2
